
Microsoft Visual Studio Solution File, Format Version 10.00
# Visual C++ Express 2008
Project("{8BC9CEB8-8B4A-11D0-8D11-00A0C91BC942}") = "DXLibralyPortable", "DXLibralyPortable\DXLibralyPortable.vcproj", "{C1F514B7-CB0D-4CB2-B8A6-941A64BB9ABB}"
EndProject
Project("{8BC9CEB8-8B4A-11D0-8D11-00A0C91BC942}") = "LibTest", "LibTest\LibTest.vcproj", "{553C746B-C014-4F2C-936C-7B43D599BB9B}"
	ProjectSection(ProjectDependencies) = postProject
		{C1F514B7-CB0D-4CB2-B8A6-941A64BB9ABB} = {C1F514B7-CB0D-4CB2-B8A6-941A64BB9ABB}
	EndProjectSection
EndProject
Project("{8BC9CEB8-8B4A-11D0-8D11-00A0C91BC942}") = "sample_Font", "sample\Font\sample_Font.vcproj", "{746D0D41-07E0-4ACC-9EB8-0461B7CAFE58}"
	ProjectSection(ProjectDependencies) = postProject
		{C1F514B7-CB0D-4CB2-B8A6-941A64BB9ABB} = {C1F514B7-CB0D-4CB2-B8A6-941A64BB9ABB}
	EndProjectSection
EndProject
Project("{8BC9CEB8-8B4A-11D0-8D11-00A0C91BC942}") = "prx", "prx\prx.vcproj", "{05D7FFB4-68F1-448F-8F31-A053EFE9E529}"
EndProject
Global
	GlobalSection(SolutionConfigurationPlatforms) = preSolution
		Debug|PSP = Debug|PSP
		Debug|Win32 = Debug|Win32
		PSP|PSP = PSP|PSP
		PSP|Win32 = PSP|Win32
		Release|PSP = Release|PSP
		Release|Win32 = Release|Win32
	EndGlobalSection
	GlobalSection(ProjectConfigurationPlatforms) = postSolution
		{C1F514B7-CB0D-4CB2-B8A6-941A64BB9ABB}.Debug|PSP.ActiveCfg = PSP|Win32
		{C1F514B7-CB0D-4CB2-B8A6-941A64BB9ABB}.Debug|PSP.Build.0 = PSP|Win32
		{C1F514B7-CB0D-4CB2-B8A6-941A64BB9ABB}.Debug|Win32.ActiveCfg = PSP|Win32
		{C1F514B7-CB0D-4CB2-B8A6-941A64BB9ABB}.Debug|Win32.Build.0 = PSP|Win32
		{C1F514B7-CB0D-4CB2-B8A6-941A64BB9ABB}.PSP|PSP.ActiveCfg = PSP|Win32
		{C1F514B7-CB0D-4CB2-B8A6-941A64BB9ABB}.PSP|PSP.Build.0 = PSP|Win32
		{C1F514B7-CB0D-4CB2-B8A6-941A64BB9ABB}.PSP|Win32.ActiveCfg = PSP|Win32
		{C1F514B7-CB0D-4CB2-B8A6-941A64BB9ABB}.PSP|Win32.Build.0 = PSP|Win32
		{C1F514B7-CB0D-4CB2-B8A6-941A64BB9ABB}.Release|PSP.ActiveCfg = PSP|Win32
		{C1F514B7-CB0D-4CB2-B8A6-941A64BB9ABB}.Release|Win32.ActiveCfg = PSP|Win32
		{C1F514B7-CB0D-4CB2-B8A6-941A64BB9ABB}.Release|Win32.Build.0 = PSP|Win32
		{553C746B-C014-4F2C-936C-7B43D599BB9B}.Debug|PSP.ActiveCfg = PSP|Win32
		{553C746B-C014-4F2C-936C-7B43D599BB9B}.Debug|PSP.Build.0 = PSP|Win32
		{553C746B-C014-4F2C-936C-7B43D599BB9B}.Debug|Win32.ActiveCfg = PSP|Win32
		{553C746B-C014-4F2C-936C-7B43D599BB9B}.Debug|Win32.Build.0 = PSP|Win32
		{553C746B-C014-4F2C-936C-7B43D599BB9B}.PSP|PSP.ActiveCfg = PSP|Win32
		{553C746B-C014-4F2C-936C-7B43D599BB9B}.PSP|PSP.Build.0 = PSP|Win32
		{553C746B-C014-4F2C-936C-7B43D599BB9B}.PSP|Win32.ActiveCfg = PSP|Win32
		{553C746B-C014-4F2C-936C-7B43D599BB9B}.PSP|Win32.Build.0 = PSP|Win32
		{553C746B-C014-4F2C-936C-7B43D599BB9B}.Release|PSP.ActiveCfg = PSP|Win32
		{553C746B-C014-4F2C-936C-7B43D599BB9B}.Release|Win32.ActiveCfg = PSP|Win32
		{553C746B-C014-4F2C-936C-7B43D599BB9B}.Release|Win32.Build.0 = PSP|Win32
		{746D0D41-07E0-4ACC-9EB8-0461B7CAFE58}.Debug|PSP.ActiveCfg = PSP|Win32
		{746D0D41-07E0-4ACC-9EB8-0461B7CAFE58}.Debug|PSP.Build.0 = PSP|Win32
		{746D0D41-07E0-4ACC-9EB8-0461B7CAFE58}.Debug|Win32.ActiveCfg = PSP|Win32
		{746D0D41-07E0-4ACC-9EB8-0461B7CAFE58}.Debug|Win32.Build.0 = PSP|Win32
		{746D0D41-07E0-4ACC-9EB8-0461B7CAFE58}.PSP|PSP.ActiveCfg = PSP|Win32
		{746D0D41-07E0-4ACC-9EB8-0461B7CAFE58}.PSP|PSP.Build.0 = PSP|Win32
		{746D0D41-07E0-4ACC-9EB8-0461B7CAFE58}.PSP|Win32.ActiveCfg = PSP|Win32
		{746D0D41-07E0-4ACC-9EB8-0461B7CAFE58}.PSP|Win32.Build.0 = PSP|Win32
		{746D0D41-07E0-4ACC-9EB8-0461B7CAFE58}.Release|PSP.ActiveCfg = PSP|Win32
		{746D0D41-07E0-4ACC-9EB8-0461B7CAFE58}.Release|Win32.ActiveCfg = PSP|Win32
		{746D0D41-07E0-4ACC-9EB8-0461B7CAFE58}.Release|Win32.Build.0 = PSP|Win32
		{05D7FFB4-68F1-448F-8F31-A053EFE9E529}.Debug|PSP.ActiveCfg = Debug|Win32
		{05D7FFB4-68F1-448F-8F31-A053EFE9E529}.Debug|PSP.Build.0 = Debug|Win32
		{05D7FFB4-68F1-448F-8F31-A053EFE9E529}.Debug|Win32.ActiveCfg = Debug|Win32
		{05D7FFB4-68F1-448F-8F31-A053EFE9E529}.Debug|Win32.Build.0 = Debug|Win32
		{05D7FFB4-68F1-448F-8F31-A053EFE9E529}.PSP|PSP.ActiveCfg = Release|Win32
		{05D7FFB4-68F1-448F-8F31-A053EFE9E529}.PSP|Win32.ActiveCfg = Release|Win32
		{05D7FFB4-68F1-448F-8F31-A053EFE9E529}.PSP|Win32.Build.0 = Release|Win32
		{05D7FFB4-68F1-448F-8F31-A053EFE9E529}.Release|PSP.ActiveCfg = Release|Win32
		{05D7FFB4-68F1-448F-8F31-A053EFE9E529}.Release|Win32.ActiveCfg = Release|Win32
		{05D7FFB4-68F1-448F-8F31-A053EFE9E529}.Release|Win32.Build.0 = Release|Win32
	EndGlobalSection
	GlobalSection(SolutionProperties) = preSolution
		HideSolutionNode = FALSE
	EndGlobalSection
EndGlobal
